
Microsoft Visual Studio Solution File, Format Version 12.00
# Visual Studio Version 17
VisualStudioVersion = 17.0.31903.59
MinimumVisualStudioVersion = 10.0.40219.1
Project("{2150E333-8FDC-42A3-9474-1A3956D46DE8}") = "windows", "windows", "{EE430522-4857-4682-A2F1-9D2F9DA83310}"
EndProject
Project("{FAE04EC0-301F-11D3-BF4B-00C04F79EFBC}") = "ScreenDrop.Protocol", "windows\ScreenDrop.Protocol\ScreenDrop.Protocol.csproj", "{C3C35E02-F439-44C6-88C3-CA32DBADEEE4}"
EndProject
Project("{FAE04EC0-301F-11D3-BF4B-00C04F79EFBC}") = "ScreenDrop", "windows\ScreenDrop\ScreenDrop.csproj", "{9515C74B-13A5-4C66-B460-7D8165744244}"
EndProject
Project("{2150E333-8FDC-42A3-9474-1A3956D46DE8}") = "tools", "tools", "{E9A1DBEE-1203-4BAE-9086-076CF4D3063A}"
EndProject
Project("{FAE04EC0-301F-11D3-BF4B-00C04F79EFBC}") = "TestReceiver", "tools\TestReceiver\TestReceiver.csproj", "{3B570524-8CFB-4F8D-A01E-F005AAE4FC7E}"
EndProject
Global
	GlobalSection(SolutionConfigurationPlatforms) = preSolution
		Debug|Any CPU = Debug|Any CPU
		Release|Any CPU = Release|Any CPU
	EndGlobalSection
	GlobalSection(SolutionProperties) = preSolution
		HideSolutionNode = FALSE
	EndGlobalSection
	GlobalSection(ProjectConfigurationPlatforms) = postSolution
		{C3C35E02-F439-44C6-88C3-CA32DBADEEE4}.Debug|Any CPU.ActiveCfg = Debug|Any CPU
		{C3C35E02-F439-44C6-88C3-CA32DBADEEE4}.Debug|Any CPU.Build.0 = Debug|Any CPU
		{C3C35E02-F439-44C6-88C3-CA32DBADEEE4}.Release|Any CPU.ActiveCfg = Release|Any CPU
		{C3C35E02-F439-44C6-88C3-CA32DBADEEE4}.Release|Any CPU.Build.0 = Release|Any CPU
		{9515C74B-13A5-4C66-B460-7D8165744244}.Debug|Any CPU.ActiveCfg = Debug|Any CPU
		{9515C74B-13A5-4C66-B460-7D8165744244}.Debug|Any CPU.Build.0 = Debug|Any CPU
		{9515C74B-13A5-4C66-B460-7D8165744244}.Release|Any CPU.ActiveCfg = Release|Any CPU
		{9515C74B-13A5-4C66-B460-7D8165744244}.Release|Any CPU.Build.0 = Release|Any CPU
		{3B570524-8CFB-4F8D-A01E-F005AAE4FC7E}.Debug|Any CPU.ActiveCfg = Debug|Any CPU
		{3B570524-8CFB-4F8D-A01E-F005AAE4FC7E}.Debug|Any CPU.Build.0 = Debug|Any CPU
		{3B570524-8CFB-4F8D-A01E-F005AAE4FC7E}.Release|Any CPU.ActiveCfg = Release|Any CPU
		{3B570524-8CFB-4F8D-A01E-F005AAE4FC7E}.Release|Any CPU.Build.0 = Release|Any CPU
	EndGlobalSection
	GlobalSection(NestedProjects) = preSolution
		{C3C35E02-F439-44C6-88C3-CA32DBADEEE4} = {EE430522-4857-4682-A2F1-9D2F9DA83310}
		{9515C74B-13A5-4C66-B460-7D8165744244} = {EE430522-4857-4682-A2F1-9D2F9DA83310}
		{3B570524-8CFB-4F8D-A01E-F005AAE4FC7E} = {E9A1DBEE-1203-4BAE-9086-076CF4D3063A}
	EndGlobalSection
EndGlobal
